{
  "requires": true,
  "lockfileVersion": 1,
  "dependencies": {
    "crypto-js": {
      "version": "3.1.9-1",
      "resolved": "https://registry.npmjs.org/crypto-js/-/crypto-js-3.1.9-1.tgz",
      "integrity": "sha1-/aGedh/Ad+Af+/3G6f38WeiAbNg="
    },
    "jshashes": {
      "version": "1.0.7",
      "resolved": "https://registry.npmjs.org/jshashes/-/jshashes-1.0.7.tgz",
      "integrity": "sha1-vtjJeg6WMv0FE5FvVfdt1Uhr5Z8="
    },
    "simple-crypto-js": {
      "version": "2.2.0",
      "resolved": "https://registry.npmjs.org/simple-crypto-js/-/simple-crypto-js-2.2.0.tgz",
      "integrity": "sha512-noEQl72TKmQCc46mKO1dg5jB0/M5caFckDreku68Wv6MXb/aue0I/P7RfNLWYqN/aHQjTolZB1w5AM84dIlkMw==",
      "requires": {
        "crypto-js": "^3.1.9-1"
      }
    }
  }
}
